// !$*UTF8*$!
{
	archiveVersion = 1;
	classes = {
	};
	objectVersion = 48;
	objects = {

/* Begin PBXBuildFile section */
		249C92752021D32600328FD0 /* AppDelegate.swift in Sources */ = {isa = PBXBuildFile; fileRef = 249C92742021D32600328FD0 /* AppDelegate.swift */; };
		249C92772021D32600328FD0 /* ViewController.swift in Sources */ = {isa = PBXBuildFile; fileRef = 249C92762021D32600328FD0 /* ViewController.swift */; };
		249C927A2021D32600328FD0 /* Main.storyboard in Resources */ = {isa = PBXBuildFile; fileRef = 249C92782021D32600328FD0 /* Main.storyboard */; };
		249C927C2021D32600328FD0 /* Assets.xcassets in Resources */ = {isa = PBXBuildFile; fileRef = 249C927B2021D32600328FD0 /* Assets.xcassets */; };
		249C927F2021D32600328FD0 /* LaunchScreen.storyboard in Resources */ = {isa = PBXBuildFile; fileRef = 249C927D2021D32600328FD0 /* LaunchScreen.storyboard */; };
		249C928A2021D32600328FD0 /* sleepMeisterTests.swift in Sources */ = {isa = PBXBuildFile; fileRef = 249C92892021D32600328FD0 /* sleepMeisterTests.swift */; };
		249C92952021D32700328FD0 /* sleepMeisterUITests.swift in Sources */ = {isa = PBXBuildFile; fileRef = 249C92942021D32700328FD0 /* sleepMeisterUITests.swift */; };
/* End PBXBuildFile section */

/* Begin PBXContainerItemProxy section */
		249C92862021D32600328FD0 /* PBXContainerItemProxy */ = {
			isa = PBXContainerItemProxy;
			containerPortal = 249C92692021D32600328FD0 /* Project object */;
			proxyType = 1;
			remoteGlobalIDString = 249C92702021D32600328FD0;
			remoteInfo = sleepMeister;
		};
		249C92912021D32700328FD0 /* PBXContainerItemProxy */ = {
			isa = PBXContainerItemProxy;
			containerPortal = 249C92692021D32600328FD0 /* Project object */;
			proxyType = 1;
			remoteGlobalIDString = 249C92702021D32600328FD0;
			remoteInfo = sleepMeister;
		};
/* End PBXContainerItemProxy section */

/* Begin PBXFileReference section */
		249C92712021D32600328FD0 /* sleepMeister.app */ = {isa = PBXFileReference; explicitFileType = wrapper.application; includeInIndex = 0; path = sleepMeister.app; sourceTree = BUILT_PRODUCTS_DIR; };
		249C92742021D32600328FD0 /* AppDelegate.swift */ = {isa = PBXFileReference; lastKnownFileType = sourcecode.swift; path = AppDelegate.swift; sourceTree = "<group>"; };
		249C92762021D32600328FD0 /* ViewController.swift */ = {isa = PBXFileReference; lastKnownFileType = sourcecode.swift; path = ViewController.swift; sourceTree = "<group>"; };
		249C92792021D32600328FD0 /* Base */ = {isa = PBXFileReference; lastKnownFileType = file.storyboard; name = Base; path = Base.lproj/Main.storyboard; sourceTree = "<group>"; };
		249C927B2021D32600328FD0 /* Assets.xcassets */ = {isa = PBXFileReference; lastKnownFileType = folder.assetcatalog; path = Assets.xcassets; sourceTree = "<group>"; };
		249C927E2021D32600328FD0 /* Base */ = {isa = PBXFileReference; lastKnownFileType = file.storyboard; name = Base; path = Base.lproj/LaunchScreen.storyboard; sourceTree = "<group>"; };
		249C92802021D32600328FD0 /* Info.plist */ = {isa = PBXFileReference; lastKnownFileType = text.plist.xml; path = Info.plist; sourceTree = "<group>"; };
		249C92852021D32600328FD0 /* sleepMeisterTests.xctest */ = {isa = PBXFileReference; explicitFileType = wrapper.cfbundle; includeInIndex = 0; path = sleepMeisterTests.xctest; sourceTree = BUILT_PRODUCTS_DIR; };
		249C92892021D32600328FD0 /* sleepMeisterTests.swift */ = {isa = PBXFileReference; lastKnownFileType = sourcecode.swift; path = sleepMeisterTests.swift; sourceTree = "<group>"; };
		249C928B2021D32600328FD0 /* Info.plist */ = {isa = PBXFileReference; lastKnownFileType = text.plist.xml; path = Info.plist; sourceTree = "<group>"; };
		249C92902021D32700328FD0 /* sleepMeisterUITests.xctest */ = {isa = PBXFileReference; explicitFileType = wrapper.cfbundle; includeInIndex = 0; path = sleepMeisterUITests.xctest; sourceTree = BUILT_PRODUCTS_DIR; };
		249C92942021D32700328FD0 /* sleepMeisterUITests.swift */ = {isa = PBXFileReference; lastKnownFileType = sourcecode.swift; path = sleepMeisterUITests.swift; sourceTree = "<group>"; };
		249C92962021D32700328FD0 /* Info.plist */ = {isa = PBXFileReference; lastKnownFileType = text.plist.xml; path = Info.plist; sourceTree = "<group>"; };
/* End PBXFileReference section */

/* Begin PBXFrameworksBuildPhase section */
		249C926E2021D32600328FD0 /* Frameworks */ = {
			isa = PBXFrameworksBuildPhase;
			buildActionMask = 2147483647;
			files = (
			);
			runOnlyForDeploymentPostprocessing = 0;
		};
		249C92822021D32600328FD0 /* Frameworks */ = {
			isa = PBXFrameworksBuildPhase;
			buildActionMask = 2147483647;
			files = (
			);
			runOnlyForDeploymentPostprocessing = 0;
		};
		249C928D2021D32700328FD0 /* Frameworks */ = {
			isa = PBXFrameworksBuildPhase;
			buildActionMask = 2147483647;
			files = (
			);
			runOnlyForDeploymentPostprocessing = 0;
		};
/* End PBXFrameworksBuildPhase section */

/* Begin PBXGroup section */
		249C92682021D32600328FD0 = {
			isa = PBXGroup;
			children = (
				249C92732021D32600328FD0 /* sleepMeister */,
				249C92882021D32600328FD0 /* sleepMeisterTests */,
				249C92932021D32700328FD0 /* sleepMeisterUITests */,
				249C92722021D32600328FD0 /* Products */,
			);
			sourceTree = "<group>";
		};
		249C92722021D32600328FD0 /* Products */ = {
			isa = PBXGroup;
			children = (
				249C92712021D32600328FD0 /* sleepMeister.app */,
				249C92852021D32600328FD0 /* sleepMeisterTests.xctest */,
				249C92902021D32700328FD0 /* sleepMeisterUITests.xctest */,
			);
			name = Products;
			sourceTree = "<group>";
		};
		249C92732021D32600328FD0 /* sleepMeister */ = {
			isa = PBXGroup;
			children = (
				249C92742021D32600328FD0 /* AppDelegate.swift */,
				249C92762021D32600328FD0 /* ViewController.swift */,
				249C92782021D32600328FD0 /* Main.storyboard */,
				249C927B2021D32600328FD0 /* Assets.xcassets */,
				249C927D2021D32600328FD0 /* LaunchScreen.storyboard */,
				249C92802021D32600328FD0 /* Info.plist */,
			);
			path = sleepMeister;
			sourceTree = "<group>";
		};
		249C92882021D32600328FD0 /* sleepMeisterTests */ = {
			isa = PBXGroup;
			children = (
				249C92892021D32600328FD0 /* sleepMeisterTests.swift */,
				249C928B2021D32600328FD0 /* Info.plist */,
			);
			path = sleepMeisterTests;
			sourceTree = "<group>";
		};
		249C92932021D32700328FD0 /* sleepMeisterUITests */ = {
			isa = PBXGroup;
			children = (
				249C92942021D32700328FD0 /* sleepMeisterUITests.swift */,
				249C92962021D32700328FD0 /* Info.plist */,
			);
			path = sleepMeisterUITests;
			sourceTree = "<group>";
		};
/* End PBXGroup section */

/* Begin PBXNativeTarget section */
		249C92702021D32600328FD0 /* sleepMeister */ = {
			isa = PBXNativeTarget;
			buildConfigurationList = 249C92992021D32700328FD0 /* Build configuration list for PBXNativeTarget "sleepMeister" */;
			buildPhases = (
				249C926D2021D32600328FD0 /* Sources */,
				249C926E2021D32600328FD0 /* Frameworks */,
				249C926F2021D32600328FD0 /* Resources */,
			);
			buildRules = (
			);
			dependencies = (
			);
			name = sleepMeister;
			productName = sleepMeister;
			productReference = 249C92712021D32600328FD0 /* sleepMeister.app */;
			productType = "com.apple.product-type.application";
		};
		249C92842021D32600328FD0 /* sleepMeisterTests */ = {
			isa = PBXNativeTarget;
			buildConfigurationList = 249C929C2021D32700328FD0 /* Build configuration list for PBXNativeTarget "sleepMeisterTests" */;
			buildPhases = (
				249C92812021D32600328FD0 /* Sources */,
				249C92822021D32600328FD0 /* Frameworks */,
				249C92832021D32600328FD0 /* Resources */,
			);
			buildRules = (
			);
			dependencies = (
				249C92872021D32600328FD0 /* PBXTargetDependency */,
			);
			name = sleepMeisterTests;
			productName = sleepMeisterTests;
			productReference = 249C92852021D32600328FD0 /* sleepMeisterTests.xctest */;
			productType = "com.apple.product-type.bundle.unit-test";
		};
		249C928F2021D32700328FD0 /* sleepMeisterUITests */ = {
			isa = PBXNativeTarget;
			buildConfigurationList = 249C929F2021D32700328FD0 /* Build configuration list for PBXNativeTarget "sleepMeisterUITests" */;
			buildPhases = (
				249C928C2021D32700328FD0 /* Sources */,
				249C928D2021D32700328FD0 /* Frameworks */,
				249C928E2021D32700328FD0 /* Resources */,
			);
			buildRules = (
			);
			dependencies = (
				249C92922021D32700328FD0 /* PBXTargetDependency */,
			);
			name = sleepMeisterUITests;
			productName = sleepMeisterUITests;
			productReference = 249C92902021D32700328FD0 /* sleepMeisterUITests.xctest */;
			productType = "com.apple.product-type.bundle.ui-testing";
		};
/* End PBXNativeTarget section */

/* Begin PBXProject section */
		249C92692021D32600328FD0 /* Project object */ = {
			isa = PBXProject;
			attributes = {
				LastSwiftUpdateCheck = 0920;
				LastUpgradeCheck = 0920;
				ORGANIZATIONNAME = shun;
				TargetAttributes = {
					249C92702021D32600328FD0 = {
						CreatedOnToolsVersion = 9.2;
						ProvisioningStyle = Automatic;
					};
					249C92842021D32600328FD0 = {
						CreatedOnToolsVersion = 9.2;
						ProvisioningStyle = Automatic;
						TestTargetID = 249C92702021D32600328FD0;
					};
					249C928F2021D32700328FD0 = {
						CreatedOnToolsVersion = 9.2;
						ProvisioningStyle = Automatic;
						TestTargetID = 249C92702021D32600328FD0;
					};
				};
			};
			buildConfigurationList = 249C926C2021D32600328FD0 /* Build configuration list for PBXProject "sleepMeister" */;
			compatibilityVersion = "Xcode 8.0";
			developmentRegion = en;
			hasScannedForEncodings = 0;
			knownRegions = (
				en,
				Base,
			);
			mainGroup = 249C92682021D32600328FD0;
			productRefGroup = 249C92722021D32600328FD0 /* Products */;
			projectDirPath = "";
			projectRoot = "";
			targets = (
				249C92702021D32600328FD0 /* sleepMeister */,
				249C92842021D32600328FD0 /* sleepMeisterTests */,
				249C928F2021D32700328FD0 /* sleepMeisterUITests */,
			);
		};
/* End PBXProject section */

/* Begin PBXResourcesBuildPhase section */
		249C926F2021D32600328FD0 /* Resources */ = {
			isa = PBXResourcesBuildPhase;
			buildActionMask = 2147483647;
			files = (
				249C927F2021D32600328FD0 /* LaunchScreen.storyboard in Resources */,
				249C927C2021D32600328FD0 /* Assets.xcassets in Resources */,
				249C927A2021D32600328FD0 /* Main.storyboard in Resources */,
			);
			runOnlyForDeploymentPostprocessing = 0;
		};
		249C92832021D32600328FD0 /* Resources */ = {
			isa = PBXResourcesBuildPhase;
			buildActionMask = 2147483647;
			files = (
			);
			runOnlyForDeploymentPostprocessing = 0;
		};
		249C928E2021D32700328FD0 /* Resources */ = {
			isa = PBXResourcesBuildPhase;
			buildActionMask = 2147483647;
			files = (
			);
			runOnlyForDeploymentPostprocessing = 0;
		};
/* End PBXResourcesBuildPhase section */

/* Begin PBXSourcesBuildPhase section */
		249C926D2021D32600328FD0 /* Sources */ = {
			isa = PBXSourcesBuildPhase;
			buildActionMask = 2147483647;
			files = (
				249C92772021D32600328FD0 /* ViewController.swift in Sources */,
				249C92752021D32600328FD0 /* AppDelegate.swift in Sources */,
			);
			runOnlyForDeploymentPostprocessing = 0;
		};
		249C92812021D32600328FD0 /* Sources */ = {
			isa = PBXSourcesBuildPhase;
			buildActionMask = 2147483647;
			files = (
				249C928A2021D32600328FD0 /* sleepMeisterTests.swift in Sources */,
			);
			runOnlyForDeploymentPostprocessing = 0;
		};
		249C928C2021D32700328FD0 /* Sources */ = {
			isa = PBXSourcesBuildPhase;
			buildActionMask = 2147483647;
			files = (
				249C92952021D32700328FD0 /* sleepMeisterUITests.swift in Sources */,
			);
			runOnlyForDeploymentPostprocessing = 0;
		};
/* End PBXSourcesBuildPhase section */

/* Begin PBXTargetDependency section */
		249C92872021D32600328FD0 /* PBXTargetDependency */ = {
			isa = PBXTargetDependency;
			target = 249C92702021D32600328FD0 /* sleepMeister */;
			targetProxy = 249C92862021D32600328FD0 /* PBXContainerItemProxy */;
		};
		249C92922021D32700328FD0 /* PBXTargetDependency */ = {
			isa = PBXTargetDependency;
			target = 249C92702021D32600328FD0 /* sleepMeister */;
			targetProxy = 249C92912021D32700328FD0 /* PBXContainerItemProxy */;
		};
/* End PBXTargetDependency section */

/* Begin PBXVariantGroup section */
		249C92782021D32600328FD0 /* Main.storyboard */ = {
			isa = PBXVariantGroup;
			children = (
				249C92792021D32600328FD0 /* Base */,
			);
			name = Main.storyboard;
			sourceTree = "<group>";
		};
		249C927D2021D32600328FD0 /* LaunchScreen.storyboard */ = {
			isa = PBXVariantGroup;
			children = (
				249C927E2021D32600328FD0 /* Base */,
			);
			name = LaunchScreen.storyboard;
			sourceTree = "<group>";
		};
/* End PBXVariantGroup section */

/* Begin XCBuildConfiguration section */
		249C92972021D32700328FD0 /* Debug */ = {
			isa = XCBuildConfiguration;
			buildSettings = {
				ALWAYS_SEARCH_USER_PATHS = NO;
				CLANG_ANALYZER_NONNULL = YES;
				CLANG_ANALYZER_NUMBER_OBJECT_CONVERSION = YES_AGGRESSIVE;
				CLANG_CXX_LANGUAGE_STANDARD = "gnu++14";
				CLANG_CXX_LIBRARY = "libc++";
				CLANG_ENABLE_MODULES = YES;
				CLANG_ENABLE_OBJC_ARC = YES;
				CLANG_WARN_BLOCK_CAPTURE_AUTORELEASING = YES;
				CLANG_WARN_BOOL_CONVERSION = YES;
				CLANG_WARN_COMMA = YES;
				CLANG_WARN_CONSTANT_CONVERSION = YES;
				CLANG_WARN_DIRECT_OBJC_ISA_USAGE = YES_ERROR;
				CLANG_WARN_DOCUMENTATION_COMMENTS = YES;
				CLANG_WARN_EMPTY_BODY = YES;
				CLANG_WARN_ENUM_CONVERSION = YES;
				CLANG_WARN_INFINITE_RECURSION = YES;
				CLANG_WARN_INT_CONVERSION = YES;
				CLANG_WARN_NON_LITERAL_NULL_CONVERSION = YES;
				CLANG_WARN_OBJC_LITERAL_CONVERSION = YES;
				CLANG_WARN_OBJC_ROOT_CLASS = YES_ERROR;
				CLANG_WARN_RANGE_LOOP_ANALYSIS = YES;
				CLANG_WARN_STRICT_PROTOTYPES = YES;
				CLANG_WARN_SUSPICIOUS_MOVE = YES;
				CLANG_WARN_UNGUARDED_AVAILABILITY = YES_AGGRESSIVE;
				CLANG_WARN_UNREACHABLE_CODE = YES;
				CLANG_WARN__DUPLICATE_METHOD_MATCH = YES;
				CODE_SIGN_IDENTITY = "iPhone Developer";
				COPY_PHASE_STRIP = NO;
				DEBUG_INFORMATION_FORMAT = dwarf;
				ENABLE_STRICT_OBJC_MSGSEND = YES;
				ENABLE_TESTABILITY = YES;
				GCC_C_LANGUAGE_STANDARD = gnu11;
				GCC_DYNAMIC_NO_PIC = NO;
				GCC_NO_COMMON_BLOCKS = YES;
				GCC_OPTIMIZATION_LEVEL = 0;
				GCC_PREPROCESSOR_DEFINITIONS = (
					"DEBUG=1",
					"$(inherited)",
				);
				GCC_WARN_64_TO_32_BIT_CONVERSION = YES;
				GCC_WARN_ABOUT_RETURN_TYPE = YES_ERROR;
				GCC_WARN_UNDECLARED_SELECTOR = YES;
				GCC_WARN_UNINITIALIZED_AUTOS = YES_AGGRESSIVE;
				GCC_WARN_UNUSED_FUNCTION = YES;
				GCC_WARN_UNUSED_VARIABLE = YES;
				IPHONEOS_DEPLOYMENT_TARGET = 11.2;
				MTL_ENABLE_DEBUG_INFO = YES;
				ONLY_ACTIVE_ARCH = YES;
				SDKROOT = iphoneos;
				SWIFT_ACTIVE_COMPILATION_CONDITIONS = DEBUG;
				SWIFT_OPTIMIZATION_LEVEL = "-Onone";
			};
			name = Debug;
		};
		249C92982021D32700328FD0 /* Release */ = {
			isa = XCBuildConfiguration;
			buildSettings = {
				ALWAYS_SEARCH_USER_PATHS = NO;
				CLANG_ANALYZER_NONNULL = YES;
				CLANG_ANALYZER_NUMBER_OBJECT_CONVERSION = YES_AGGRESSIVE;
				CLANG_CXX_LANGUAGE_STANDARD = "gnu++14";
				CLANG_CXX_LIBRARY = "libc++";
				CLANG_ENABLE_MODULES = YES;
				CLANG_ENABLE_OBJC_ARC = YES;
				CLANG_WARN_BLOCK_CAPTURE_AUTORELEASING = YES;
				CLANG_WARN_BOOL_CONVERSION = YES;
				CLANG_WARN_COMMA = YES;
				CLANG_WARN_CONSTANT_CONVERSION = YES;
				CLANG_WARN_DIRECT_OBJC_ISA_USAGE = YES_ERROR;
				CLANG_WARN_DOCUMENTATION_COMMENTS = YES;
				CLANG_WARN_EMPTY_BODY = YES;
				CLANG_WARN_ENUM_CONVERSION = YES;
				CLANG_WARN_INFINITE_RECURSION = YES;
				CLANG_WARN_INT_CONVERSION = YES;
				CLANG_WARN_NON_LITERAL_NULL_CONVERSION = YES;
				CLANG_WARN_OBJC_LITERAL_CONVERSION = YES;
				CLANG_WARN_OBJC_ROOT_CLASS = YES_ERROR;
				CLANG_WARN_RANGE_LOOP_ANALYSIS = YES;
				CLANG_WARN_STRICT_PROTOTYPES = YES;
				CLANG_WARN_SUSPICIOUS_MOVE = YES;
				CLANG_WARN_UNGUARDED_AVAILABILITY = YES_AGGRESSIVE;
				CLANG_WARN_UNREACHABLE_CODE = YES;
				CLANG_WARN__DUPLICATE_METHOD_MATCH = YES;
				CODE_SIGN_IDENTITY = "iPhone Developer";
				COPY_PHASE_STRIP = NO;
				DEBUG_INFORMATION_FORMAT = "dwarf-with-dsym";
				ENABLE_NS_ASSERTIONS = NO;
				ENABLE_STRICT_OBJC_MSGSEND = YES;
				GCC_C_LANGUAGE_STANDARD = gnu11;
				GCC_NO_COMMON_BLOCKS = YES;
				GCC_WARN_64_TO_32_BIT_CONVERSION = YES;
				GCC_WARN_ABOUT_RETURN_TYPE = YES_ERROR;
				GCC_WARN_UNDECLARED_SELECTOR = YES;
				GCC_WARN_UNINITIALIZED_AUTOS = YES_AGGRESSIVE;
				GCC_WARN_UNUSED_FUNCTION = YES;
				GCC_WARN_UNUSED_VARIABLE = YES;
				IPHONEOS_DEPLOYMENT_TARGET = 11.2;
				MTL_ENABLE_DEBUG_INFO = NO;
				SDKROOT = iphoneos;
				SWIFT_OPTIMIZATION_LEVEL = "-Owholemodule";
				VALIDATE_PRODUCT = YES;
			};
			name = Release;
		};
		249C929A2021D32700328FD0 /* Debug */ = {
			isa = XCBuildConfiguration;
			buildSettings = {
				ASSETCATALOG_COMPILER_APPICON_NAME = AppIcon;
				CODE_SIGN_STYLE = Automatic;
				INFOPLIST_FILE = sleepMeister/Info.plist;
				LD_RUNPATH_SEARCH_PATHS = "$(inherited) @executable_path/Frameworks";
				PRODUCT_BUNDLE_IDENTIFIER = fujisweb.sleepMeister;
				PRODUCT_NAME = "$(TARGET_NAME)";
				SWIFT_VERSION = 4.0;
				TARGETED_DEVICE_FAMILY = 1;
			};
			name = Debug;
		};
		249C929B2021D32700328FD0 /* Release */ = {
			isa = XCBuildConfiguration;
			buildSettings = {
				ASSETCATALOG_COMPILER_APPICON_NAME = AppIcon;
				CODE_SIGN_STYLE = Automatic;
				INFOPLIST_FILE = sleepMeister/Info.plist;
				LD_RUNPATH_SEARCH_PATHS = "$(inherited) @executable_path/Frameworks";
				PRODUCT_BUNDLE_IDENTIFIER = fujisweb.sleepMeister;
				PRODUCT_NAME = "$(TARGET_NAME)";
				SWIFT_VERSION = 4.0;
				TARGETED_DEVICE_FAMILY = 1;
			};
			name = Release;
		};
		249C929D2021D32700328FD0 /* Debug */ = {
			isa = XCBuildConfiguration;
			buildSettings = {
				ALWAYS_EMBED_SWIFT_STANDARD_LIBRARIES = YES;
				BUNDLE_LOADER = "$(TEST_HOST)";
				CODE_SIGN_STYLE = Automatic;
				INFOPLIST_FILE = sleepMeisterTests/Info.plist;
				LD_RUNPATH_SEARCH_PATHS = "$(inherited) @executable_path/Frameworks @loader_path/Frameworks";
				PRODUCT_BUNDLE_IDENTIFIER = fujisweb.sleepMeisterTests;
				PRODUCT_NAME = "$(TARGET_NAME)";
				SWIFT_VERSION = 4.0;
				TARGETED_DEVICE_FAMILY = "1,2";
				TEST_HOST = "$(BUILT_PRODUCTS_DIR)/sleepMeister.app/sleepMeister";
			};
			name = Debug;
		};
		249C929E2021D32700328FD0 /* Release */ = {
			isa = XCBuildConfiguration;
			buildSettings = {
				ALWAYS_EMBED_SWIFT_STANDARD_LIBRARIES = YES;
				BUNDLE_LOADER = "$(TEST_HOST)";
				CODE_SIGN_STYLE = Automatic;
				INFOPLIST_FILE = sleepMeisterTests/Info.plist;
				LD_RUNPATH_SEARCH_PATHS = "$(inherited) @executable_path/Frameworks @loader_path/Frameworks";
				PRODUCT_BUNDLE_IDENTIFIER = fujisweb.sleepMeisterTests;
				PRODUCT_NAME = "$(TARGET_NAME)";
				SWIFT_VERSION = 4.0;
				TARGETED_DEVICE_FAMILY = "1,2";
				TEST_HOST = "$(BUILT_PRODUCTS_DIR)/sleepMeister.app/sleepMeister";
			};
			name = Release;
		};
		249C92A02021D32700328FD0 /* Debug */ = {
			isa = XCBuildConfiguration;
			buildSettings = {
				ALWAYS_EMBED_SWIFT_STANDARD_LIBRARIES = YES;
				CODE_SIGN_STYLE = Automatic;
				INFOPLIST_FILE = sleepMeisterUITests/Info.plist;
				LD_RUNPATH_SEARCH_PATHS = "$(inherited) @executable_path/Frameworks @loader_path/Frameworks";
				PRODUCT_BUNDLE_IDENTIFIER = fujisweb.sleepMeisterUITests;
				PRODUCT_NAME = "$(TARGET_NAME)";
				SWIFT_VERSION = 4.0;
				TARGETED_DEVICE_FAMILY = "1,2";
				TEST_TARGET_NAME = sleepMeister;
			};
			name = Debug;
		};
		249C92A12021D32700328FD0 /* Release */ = {
			isa = XCBuildConfiguration;
			buildSettings = {
				ALWAYS_EMBED_SWIFT_STANDARD_LIBRARIES = YES;
				CODE_SIGN_STYLE = Automatic;
				INFOPLIST_FILE = sleepMeisterUITests/Info.plist;
				LD_RUNPATH_SEARCH_PATHS = "$(inherited) @executable_path/Frameworks @loader_path/Frameworks";
				PRODUCT_BUNDLE_IDENTIFIER = fujisweb.sleepMeisterUITests;
				PRODUCT_NAME = "$(TARGET_NAME)";
				SWIFT_VERSION = 4.0;
				TARGETED_DEVICE_FAMILY = "1,2";
				TEST_TARGET_NAME = sleepMeister;
			};
			name = Release;
		};
/* End XCBuildConfiguration section */

/* Begin XCConfigurationList section */
		249C926C2021D32600328FD0 /* Build configuration list for PBXProject "sleepMeister" */ = {
			isa = XCConfigurationList;
			buildConfigurations = (
				249C92972021D32700328FD0 /* Debug */,
				249C92982021D32700328FD0 /* Release */,
			);
			defaultConfigurationIsVisible = 0;
			defaultConfigurationName = Release;
		};
		249C92992021D32700328FD0 /* Build configuration list for PBXNativeTarget "sleepMeister" */ = {
			isa = XCConfigurationList;
			buildConfigurations = (
				249C929A2021D32700328FD0 /* Debug */,
				249C929B2021D32700328FD0 /* Release */,
			);
			defaultConfigurationIsVisible = 0;
			defaultConfigurationName = Release;
		};
		249C929C2021D32700328FD0 /* Build configuration list for PBXNativeTarget "sleepMeisterTests" */ = {
			isa = XCConfigurationList;
			buildConfigurations = (
				249C929D2021D32700328FD0 /* Debug */,
				249C929E2021D32700328FD0 /* Release */,
			);
			defaultConfigurationIsVisible = 0;
			defaultConfigurationName = Release;
		};
		249C929F2021D32700328FD0 /* Build configuration list for PBXNativeTarget "sleepMeisterUITests" */ = {
			isa = XCConfigurationList;
			buildConfigurations = (
				249C92A02021D32700328FD0 /* Debug */,
				249C92A12021D32700328FD0 /* Release */,
			);
			defaultConfigurationIsVisible = 0;
			defaultConfigurationName = Release;
		};
/* End XCConfigurationList section */
	};
	rootObject = 249C92692021D32600328FD0 /* Project object */;
}
